{
    "name": "server_trasporto_pubblico",
    "version": "1.0.0",
    "lockfileVersion": 1,
    "requires": true,
    "dependencies": {
        "abstract-logging": {
            "version": "1.0.0",
            "resolved": "https://registry.npmjs.org/abstract-logging/-/abstract-logging-1.0.0.tgz",
            "integrity": "sha1-i33q/TEFWbwo93ck3RuzAXcnjBs="
        },
        "ajv": {
            "version": "6.10.0",
            "resolved": "https://registry.npmjs.org/ajv/-/ajv-6.10.0.tgz",
            "integrity": "sha512-nffhOpkymDECQyR0mnsUtoCE8RlX38G0rYP+wgLWFyZuUyuuojSSvi/+euOiQBIn63whYwYVIIH1TvE3tu4OEg==",
            "requires": {
                "fast-deep-equal": "^2.0.1",
                "fast-json-stable-stringify": "^2.0.0",
                "json-schema-traverse": "^0.4.1",
                "uri-js": "^4.2.2"
            }
        },
        "archy": {
            "version": "1.0.0",
            "resolved": "https://registry.npmjs.org/archy/-/archy-1.0.0.tgz",
            "integrity": "sha1-+cjBN1fMHde8N5rHeyxipcKGjEA="
        },
        "asynckit": {
            "version": "0.4.0",
            "resolved": "https://registry.npmjs.org/asynckit/-/asynckit-0.4.0.tgz",
            "integrity": "sha1-x57Zf380y48robyXkLzDZkdLS3k="
        },
        "avvio": {
            "version": "6.2.1",
            "resolved": "https://registry.npmjs.org/avvio/-/avvio-6.2.1.tgz",
            "integrity": "sha512-k+gTocL3yShwN1PtKEsSj7eFiApcZ4JZLAu/ecyzEb8jyx+Kmxb+7SXUsodB47g7fqhs/zkfsCdqq72a1ok5Ew==",
            "requires": {
                "archy": "^1.0.0",
                "debug": "^4.0.0",
                "fastq": "^1.6.0"
            }
        },
        "base64-js": {
            "version": "1.3.0",
            "resolved": "https://registry.npmjs.org/base64-js/-/base64-js-1.3.0.tgz",
            "integrity": "sha512-ccav/yGvoa80BQDljCxsmmQ3Xvx60/UpBIij5QN21W3wBi/hhIC9OoO+KLpu9IJTS9j4DRVJ3aDDF9cMSoa2lw=="
        },
        "bourne": {
            "version": "1.1.2",
            "resolved": "https://registry.npmjs.org/bourne/-/bourne-1.1.2.tgz",
            "integrity": "sha512-b2dgVkTZhkQirNMohgC00rWfpVqEi9y5tKM1k3JvoNx05ODtfQoPPd4js9CYFQoY0IM8LAmnJulEuWv74zjUOg=="
        },
        "buffer": {
            "version": "5.2.1",
            "resolved": "https://registry.npmjs.org/buffer/-/buffer-5.2.1.tgz",
            "integrity": "sha512-c+Ko0loDaFfuPWiL02ls9Xd3GO3cPVmUobQ6t3rXNUk304u6hGq+8N/kFi+QEIKhzK3uwolVhLzszmfLmMLnqg==",
            "requires": {
                "base64-js": "^1.0.2",
                "ieee754": "^1.1.4"
            }
        },
        "combined-stream": {
            "version": "1.0.7",
            "resolved": "https://registry.npmjs.org/combined-stream/-/combined-stream-1.0.7.tgz",
            "integrity": "sha512-brWl9y6vOB1xYPZcpZde3N9zDByXTosAeMDo4p1wzo6UMOX4vumB+TP1RZ76sfE6Md68Q0NJSrE/gbezd4Ul+w==",
            "requires": {
                "delayed-stream": "~1.0.0"
            }
        },
        "component-emitter": {
            "version": "1.3.0",
            "resolved": "https://registry.npmjs.org/component-emitter/-/component-emitter-1.3.0.tgz",
            "integrity": "sha512-Rd3se6QB+sO1TwqZjscQrurpEPIfO0/yYnSin6Q/rD3mOutHvUrCAhJub3r90uNb+SESBuE0QYoB90YdfatsRg=="
        },
        "cookiejar": {
            "version": "2.1.2",
            "resolved": "https://registry.npmjs.org/cookiejar/-/cookiejar-2.1.2.tgz",
            "integrity": "sha512-Mw+adcfzPxcPeI+0WlvRrr/3lGVO0bD75SxX6811cxSh1Wbxx7xZBGK1eVtDf6si8rg2lhnUjsVLMFMfbRIuwA=="
        },
        "core-util-is": {
            "version": "1.0.2",
            "resolved": "https://registry.npmjs.org/core-util-is/-/core-util-is-1.0.2.tgz",
            "integrity": "sha1-tf1UIgqivFq1eqtxQMlAdUUDwac="
        },
        "crc": {
            "version": "3.8.0",
            "resolved": "https://registry.npmjs.org/crc/-/crc-3.8.0.tgz",
            "integrity": "sha512-iX3mfgcTMIq3ZKLIsVFAbv7+Mc10kxabAGQb8HvjA1o3T1PIYprbakQ65d3I+2HGHt6nSKkM9PYjgoJO2KcFBQ==",
            "requires": {
                "buffer": "^5.1.0"
            }
        },
        "debug": {
            "version": "4.1.1",
            "resolved": "https://registry.npmjs.org/debug/-/debug-4.1.1.tgz",
            "integrity": "sha512-pYAIzeRo8J6KPEaJ0VWOh5Pzkbw/RetuzehGM7QRRX5he4fPHx2rdKMB256ehJCkX+XRQm16eZLqLNS8RSZXZw==",
            "requires": {
                "ms": "^2.1.1"
            }
        },
        "deepmerge": {
            "version": "3.2.0",
            "resolved": "https://registry.npmjs.org/deepmerge/-/deepmerge-3.2.0.tgz",
            "integrity": "sha512-6+LuZGU7QCNUnAJyX8cIrlzoEgggTM6B7mm+znKOX4t5ltluT9KLjN6g61ECMS0LTsLW7yDpNoxhix5FZcrIow=="
        },
        "delayed-stream": {
            "version": "1.0.0",
            "resolved": "https://registry.npmjs.org/delayed-stream/-/delayed-stream-1.0.0.tgz",
            "integrity": "sha1-3zrhmayt+31ECqrgsp4icrJOxhk="
        },
        "extend": {
            "version": "3.0.2",
            "resolved": "https://registry.npmjs.org/extend/-/extend-3.0.2.tgz",
            "integrity": "sha512-fjquC59cD7CyW6urNXK0FBufkZcoiGG80wTuPujX590cB5Ttln20E2UB4S/WARVqhXffZl2LNgS+gQdPIIim/g=="
        },
        "fast-decode-uri-component": {
            "version": "1.0.1",
            "resolved": "https://registry.npmjs.org/fast-decode-uri-component/-/fast-decode-uri-component-1.0.1.tgz",
            "integrity": "sha512-WKgKWg5eUxvRZGwW8FvfbaH7AXSh2cL+3j5fMGzUMCxWBJ3dV3a7Wz8y2f/uQ0e3B6WmodD3oS54jTQ9HVTIIg=="
        },
        "fast-deep-equal": {
            "version": "2.0.1",
            "resolved": "https://registry.npmjs.org/fast-deep-equal/-/fast-deep-equal-2.0.1.tgz",
            "integrity": "sha1-ewUhjd+WZ79/Nwv3/bLLFf3Qqkk="
        },
        "fast-json-stable-stringify": {
            "version": "2.0.0",
            "resolved": "https://registry.npmjs.org/fast-json-stable-stringify/-/fast-json-stable-stringify-2.0.0.tgz",
            "integrity": "sha1-1RQsDK7msRifh9OnYREGT4bIu/I="
        },
        "fast-json-stringify": {
            "version": "1.15.2",
            "resolved": "https://registry.npmjs.org/fast-json-stringify/-/fast-json-stringify-1.15.2.tgz",
            "integrity": "sha512-iKo79rW7J2LRexme54j33BZBmFmGtqwYL6fmAxnU5VOZEJCUFir5g5iCmt5HXtxUXvI2hnmpGku+cduJpMCvwQ==",
            "requires": {
                "ajv": "^6.8.1",
                "deepmerge": "^3.0.0"
            }
        },
        "fast-redact": {
            "version": "1.5.0",
            "resolved": "https://registry.npmjs.org/fast-redact/-/fast-redact-1.5.0.tgz",
            "integrity": "sha512-Afo61CgUjkzdvOKDHn08qnZ0kwck38AOGcMlvSGzvJbIab6soAP5rdoQayecGCDsD69AiF9vJBXyq31eoEO2tQ=="
        },
        "fast-safe-stringify": {
            "version": "2.0.6",
            "resolved": "https://registry.npmjs.org/fast-safe-stringify/-/fast-safe-stringify-2.0.6.tgz",
            "integrity": "sha512-q8BZ89jjc+mz08rSxROs8VsrBBcn1SIw1kq9NjolL509tkABRk9io01RAjSaEv1Xb2uFLt8VtRiZbGp5H8iDtg=="
        },
        "fastify": {
            "version": "2.3.0",
            "resolved": "https://registry.npmjs.org/fastify/-/fastify-2.3.0.tgz",
            "integrity": "sha512-Y8npoe2Ad3sktWTZy+/MiaAnNt0XQ10g6nD19pCkCoJ9KtxRWqNVnHV/JZxWAmxqg1zsVzFJdrkHS5l4pcFruA==",
            "requires": {
                "abstract-logging": "^1.0.0",
                "ajv": "^6.9.2",
                "avvio": "^6.1.1",
                "bourne": "^1.1.2",
                "fast-json-stringify": "^1.15.0",
                "find-my-way": "^2.0.0",
                "flatstr": "^1.0.9",
                "light-my-request": "^3.2.0",
                "middie": "^4.0.1",
                "pino": "^5.11.1",
                "proxy-addr": "^2.0.4",
                "readable-stream": "^3.1.1",
                "rfdc": "^1.1.2",
                "tiny-lru": "^6.0.1"
            }
        },
        "fastq": {
            "version": "1.6.0",
            "resolved": "https://registry.npmjs.org/fastq/-/fastq-1.6.0.tgz",
            "integrity": "sha512-jmxqQ3Z/nXoeyDmWAzF9kH1aGZSis6e/SbfPmJpUnyZ0ogr6iscHQaml4wsEepEWSdtmpy+eVXmCRIMpxaXqOA==",
            "requires": {
                "reusify": "^1.0.0"
            }
        },
        "find-my-way": {
            "version": "2.0.1",
            "resolved": "https://registry.npmjs.org/find-my-way/-/find-my-way-2.0.1.tgz",
            "integrity": "sha512-c+YnWk4LKcWSNu743wfoqNOZTYQ6kZ/kzZCjALGblLpzbEAv3INakGMZ1K/by+Wmf/NP3+3LpOQMOFw6/q52wQ==",
            "requires": {
                "fast-decode-uri-component": "^1.0.0",
                "safe-regex2": "^2.0.0",
                "semver-store": "^0.3.0"
            }
        },
        "flatstr": {
            "version": "1.0.11",
            "resolved": "https://registry.npmjs.org/flatstr/-/flatstr-1.0.11.tgz",
            "integrity": "sha512-CrkRmL8HgArqohPW5udNdtVae+fj5tvJdHwoo91m5OvaLk1a4lqa0R4/aPUO2zbVEnIrk+i5uTVNbSxaR1dQkQ=="
        },
        "form-data": {
            "version": "2.3.3",
            "resolved": "https://registry.npmjs.org/form-data/-/form-data-2.3.3.tgz",
            "integrity": "sha512-1lLKB2Mu3aGP1Q/2eCOx0fNbRMe7XdwktwOruhfqqd0rIJWwN4Dh+E3hrPSlDCXnSR7UtZ1N38rVXm+6+MEhJQ==",
            "requires": {
                "asynckit": "^0.4.0",
                "combined-stream": "^1.0.6",
                "mime-types": "^2.1.12"
            }
        },
        "formidable": {
            "version": "1.2.1",
            "resolved": "https://registry.npmjs.org/formidable/-/formidable-1.2.1.tgz",
            "integrity": "sha512-Fs9VRguL0gqGHkXS5GQiMCr1VhZBxz0JnJs4JmMp/2jL18Fmbzvv7vOFRU+U8TBkHEE/CX1qDXzJplVULgsLeg=="
        },
        "forwarded": {
            "version": "0.1.2",
            "resolved": "https://registry.npmjs.org/forwarded/-/forwarded-0.1.2.tgz",
            "integrity": "sha1-mMI9qxF1ZXuMBXPozszZGw/xjIQ="
        },
        "ieee754": {
            "version": "1.1.13",
            "resolved": "https://registry.npmjs.org/ieee754/-/ieee754-1.1.13.tgz",
            "integrity": "sha512-4vf7I2LYV/HaWerSo3XmlMkp5eZ83i+/CDluXi/IGTs/O1sejBNhTtnxzmRZfvOUqj7lZjqHkeTvpgSFDlWZTg=="
        },
        "influx-ql": {
            "version": "2.9.1",
            "resolved": "https://registry.npmjs.org/influx-ql/-/influx-ql-2.9.1.tgz",
            "integrity": "sha512-ydNrA0n7bYkv5wVFgeC6tQGH8+yXzqRtBkDxmb2AHcmLMNqkVFR9ZC4bLUEWGOTKh5bVkimGrUdhD4u4Xhy+Jw=="
        },
        "influxdb-nodejs": {
            "version": "3.0.0",
            "resolved": "https://registry.npmjs.org/influxdb-nodejs/-/influxdb-nodejs-3.0.0.tgz",
            "integrity": "sha512-EDmj0E6weOjQLRcfPgzNKj1SafT8ojtz92M5j9MHBsCWxLr6bFqMEjGrvJPt0v3JLYjy2/YlXNi5TUH3XotbJQ==",
            "requires": {
                "debug": "^4.1.1",
                "influx-ql": "^2.9.0",
                "lodash": "^4.17.11",
                "nano-seconds": "^1.2.2",
                "superagent": "^3.8.3",
                "superagent-load-balancer": "^2.0.3"
            }
        },
        "inherits": {
            "version": "2.0.3",
            "resolved": "https://registry.npmjs.org/inherits/-/inherits-2.0.3.tgz",
            "integrity": "sha1-Yzwsg+PaQqUC9SRmAiSA9CCCYd4="
        },
        "ipaddr.js": {
            "version": "1.9.0",
            "resolved": "https://registry.npmjs.org/ipaddr.js/-/ipaddr.js-1.9.0.tgz",
            "integrity": "sha512-M4Sjn6N/+O6/IXSJseKqHoFc+5FdGJ22sXqnjTpdZweHK64MzEPAyQZyEU3R/KRv2GLoa7nNtg/C2Ev6m7z+eA=="
        },
        "isarray": {
            "version": "1.0.0",
            "resolved": "https://registry.npmjs.org/isarray/-/isarray-1.0.0.tgz",
            "integrity": "sha1-u5NdSFgsuhaMBoNJV6VKPgcSTxE="
        },
        "json-schema-traverse": {
            "version": "0.4.1",
            "resolved": "https://registry.npmjs.org/json-schema-traverse/-/json-schema-traverse-0.4.1.tgz",
            "integrity": "sha512-xbbCH5dCYU5T8LcEhhuh7HJ88HXuW3qsI3Y0zOZFKfZEHcpWiHU/Jxzk629Brsab/mMiHQti9wMP+845RPe3Vg=="
        },
        "light-my-request": {
            "version": "3.3.0",
            "resolved": "https://registry.npmjs.org/light-my-request/-/light-my-request-3.3.0.tgz",
            "integrity": "sha512-dLtwhjzbuHJ+KMMUBSlVid6Iqxx+KKvULWLnBD06WMgPHxiPkEh1cVyj+Xc8HGU64hULlSw/sZVCdFsvjNQeNA==",
            "requires": {
                "ajv": "^6.8.1",
                "readable-stream": "^3.1.1"
            }
        },
        "lodash": {
            "version": "4.17.11",
            "resolved": "https://registry.npmjs.org/lodash/-/lodash-4.17.11.tgz",
            "integrity": "sha512-cQKh8igo5QUhZ7lg38DYWAxMvjSAKG0A8wGSVimP07SIUEK2UO+arSRKbRZWtelMtN5V0Hkwh5ryOto/SshYIg=="
        },
        "methods": {
            "version": "1.1.2",
            "resolved": "https://registry.npmjs.org/methods/-/methods-1.1.2.tgz",
            "integrity": "sha1-VSmk1nZUE07cxSZmVoNbD4Ua/O4="
        },
        "middie": {
            "version": "4.0.1",
            "resolved": "https://registry.npmjs.org/middie/-/middie-4.0.1.tgz",
            "integrity": "sha512-eYK6EEHZiYpQMYPmeCb/vC9ZzJg1HCqi1ot/fQs1sPZKt/XREgXouQ7g6c9J5XvDV5203JjbpovCYNkHcHgTpQ==",
            "requires": {
                "path-to-regexp": "^3.0.0",
                "reusify": "^1.0.2"
            }
        },
        "mime": {
            "version": "1.6.0",
            "resolved": "https://registry.npmjs.org/mime/-/mime-1.6.0.tgz",
            "integrity": "sha512-x0Vn8spI+wuJ1O6S7gnbaQg8Pxh4NNHb7KSINmEWKiPE4RKOplvijn+NkmYmmRgP68mc70j2EbeTFRsrswaQeg=="
        },
        "mime-db": {
            "version": "1.40.0",
            "resolved": "https://registry.npmjs.org/mime-db/-/mime-db-1.40.0.tgz",
            "integrity": "sha512-jYdeOMPy9vnxEqFRRo6ZvTZ8d9oPb+k18PKoYNYUe2stVEBPPwsln/qWzdbmaIvnhZ9v2P+CuecK+fpUfsV2mA=="
        },
        "mime-types": {
            "version": "2.1.24",
            "resolved": "https://registry.npmjs.org/mime-types/-/mime-types-2.1.24.tgz",
            "integrity": "sha512-WaFHS3MCl5fapm3oLxU4eYDw77IQM2ACcxQ9RIxfaC3ooc6PFuBMGZZsYpvoXS5D5QTWPieo1jjLdAm3TBP3cQ==",
            "requires": {
                "mime-db": "1.40.0"
            }
        },
        "ms": {
            "version": "2.1.1",
            "resolved": "https://registry.npmjs.org/ms/-/ms-2.1.1.tgz",
            "integrity": "sha512-tgp+dl5cGk28utYktBsrFqA7HKgrhgPsg6Z/EfhWI4gl1Hwq8B/GmY/0oXZ6nF8hDVesS/FpnYaD/kOWhYQvyg=="
        },
        "nano-seconds": {
            "version": "1.2.2",
            "resolved": "https://registry.npmjs.org/nano-seconds/-/nano-seconds-1.2.2.tgz",
            "integrity": "sha512-s06EY41x1hM6BJE2HhIFRzvXuVUlZNd4761lduv+hjgtDDR7W4RzhShkap2wJcWMO6+CahR+49cCQJfFmgf7gw=="
        },
        "path-to-regexp": {
            "version": "3.0.0",
            "resolved": "https://registry.npmjs.org/path-to-regexp/-/path-to-regexp-3.0.0.tgz",
            "integrity": "sha512-ZOtfhPttCrqp2M1PBBH4X13XlvnfhIwD7yCLx+GoGoXRPQyxGOTdQMpIzPSPKXAJT/JQrdfFrgdJOyAzvgpQ9A=="
        },
        "pino": {
            "version": "5.12.3",
            "resolved": "https://registry.npmjs.org/pino/-/pino-5.12.3.tgz",
            "integrity": "sha512-/PiX7QXOMZz7edRVGm/apt22nkdRByB6ki0ftWcDpHjjNmjnE7UubNd7NeDX7cBey27obxvBvZy3oQuJbz1+Ag==",
            "requires": {
                "fast-redact": "^1.4.4",
                "fast-safe-stringify": "^2.0.6",
                "flatstr": "^1.0.9",
                "pino-std-serializers": "^2.3.0",
                "quick-format-unescaped": "^3.0.2",
                "sonic-boom": "^0.7.3"
            }
        },
        "pino-std-serializers": {
            "version": "2.4.0",
            "resolved": "https://registry.npmjs.org/pino-std-serializers/-/pino-std-serializers-2.4.0.tgz",
            "integrity": "sha512-ysT2ylXu1aEec9k8cm/lz7emBcfpdxFWHqvHeGXf1wvfw7TKPMGhLWwS+ciHw6u4ffnmV+pkAMF4MUIZmZZdSg=="
        },
        "process-nextick-args": {
            "version": "2.0.0",
            "resolved": "https://registry.npmjs.org/process-nextick-args/-/process-nextick-args-2.0.0.tgz",
            "integrity": "sha512-MtEC1TqN0EU5nephaJ4rAtThHtC86dNN9qCuEhtshvpVBkAW5ZO7BASN9REnF9eoXGcRub+pFuKEpOHE+HbEMw=="
        },
        "proxy-addr": {
            "version": "2.0.5",
            "resolved": "https://registry.npmjs.org/proxy-addr/-/proxy-addr-2.0.5.tgz",
            "integrity": "sha512-t/7RxHXPH6cJtP0pRG6smSr9QJidhB+3kXu0KgXnbGYMgzEnUxRQ4/LDdfOwZEMyIh3/xHb8PX3t+lfL9z+YVQ==",
            "requires": {
                "forwarded": "~0.1.2",
                "ipaddr.js": "1.9.0"
            }
        },
        "punycode": {
            "version": "2.1.1",
            "resolved": "https://registry.npmjs.org/punycode/-/punycode-2.1.1.tgz",
            "integrity": "sha512-XRsRjdf+j5ml+y/6GKHPZbrF/8p2Yga0JPtdqTIY2Xe5ohJPD9saDJJLPvp9+NSBprVvevdXZybnj2cv8OEd0A=="
        },
        "qs": {
            "version": "6.7.0",
            "resolved": "https://registry.npmjs.org/qs/-/qs-6.7.0.tgz",
            "integrity": "sha512-VCdBRNFTX1fyE7Nb6FYoURo/SPe62QCaAyzJvUjwRaIsc+NePBEniHlvxFmmX56+HZphIGtV0XeCirBtpDrTyQ=="
        },
        "quick-format-unescaped": {
            "version": "3.0.2",
            "resolved": "https://registry.npmjs.org/quick-format-unescaped/-/quick-format-unescaped-3.0.2.tgz",
            "integrity": "sha512-FXTaCkwvpIlkdKeGDNgcq07SXWS383noQUuZjvdE1QcTt+eLuqof6/BDiEPqB59FWLie/l91+HtlJSw7iCViSA=="
        },
        "readable-stream": {
            "version": "3.3.0",
            "resolved": "https://registry.npmjs.org/readable-stream/-/readable-stream-3.3.0.tgz",
            "integrity": "sha512-EsI+s3k3XsW+fU8fQACLN59ky34AZ14LoeVZpYwmZvldCFo0r0gnelwF2TcMjLor/BTL5aDJVBMkss0dthToPw==",
            "requires": {
                "inherits": "^2.0.3",
                "string_decoder": "^1.1.1",
                "util-deprecate": "^1.0.1"
            }
        },
        "ret": {
            "version": "0.2.2",
            "resolved": "https://registry.npmjs.org/ret/-/ret-0.2.2.tgz",
            "integrity": "sha512-M0b3YWQs7R3Z917WRQy1HHA7Ba7D8hvZg6UE5mLykJxQVE2ju0IXbGlaHPPlkY+WN7wFP+wUMXmBFA0aV6vYGQ=="
        },
        "reusify": {
            "version": "1.0.4",
            "resolved": "https://registry.npmjs.org/reusify/-/reusify-1.0.4.tgz",
            "integrity": "sha512-U9nH88a3fc/ekCF1l0/UP1IosiuIjyTh7hBvXVMHYgVcfGvt897Xguj2UOLDeI5BG2m7/uwyaLVT6fbtCwTyzw=="
        },
        "rfdc": {
            "version": "1.1.2",
            "resolved": "https://registry.npmjs.org/rfdc/-/rfdc-1.1.2.tgz",
            "integrity": "sha512-92ktAgvZhBzYTIK0Mja9uen5q5J3NRVMoDkJL2VMwq6SXjVCgqvQeVP2XAaUY6HT+XpQYeLSjb3UoitBryKmdA=="
        },
        "safe-buffer": {
            "version": "5.1.2",
            "resolved": "https://registry.npmjs.org/safe-buffer/-/safe-buffer-5.1.2.tgz",
            "integrity": "sha512-Gd2UZBJDkXlY7GbJxfsE8/nvKkUEU1G38c1siN6QP6a9PT9MmHB8GnpscSmMJSoF8LOIrt8ud/wPtojys4G6+g=="
        },
        "safe-regex2": {
            "version": "2.0.0",
            "resolved": "https://registry.npmjs.org/safe-regex2/-/safe-regex2-2.0.0.tgz",
            "integrity": "sha512-PaUSFsUaNNuKwkBijoAPHAK6/eM6VirvyPWlZ7BAQy4D+hCvh4B6lIG+nPdhbFfIbP+gTGBcrdsOaUs0F+ZBOQ==",
            "requires": {
                "ret": "~0.2.0"
            }
        },
        "semver-store": {
            "version": "0.3.0",
            "resolved": "https://registry.npmjs.org/semver-store/-/semver-store-0.3.0.tgz",
            "integrity": "sha512-TcZvGMMy9vodEFSse30lWinkj+JgOBvPn8wRItpQRSayhc+4ssDs335uklkfvQQJgL/WvmHLVj4Ycv2s7QCQMg=="
        },
        "sonic-boom": {
            "version": "0.7.3",
            "resolved": "https://registry.npmjs.org/sonic-boom/-/sonic-boom-0.7.3.tgz",
            "integrity": "sha512-A9EyoIeLD+g9vMLYQKjNCatJtAKdBQMW03+L8ZWWX/A6hq+srRCwdqHrBD1R8oSMLXov3oHN13dljtZf12q2Ow==",
            "requires": {
                "flatstr": "^1.0.9"
            }
        },
        "string_decoder": {
            "version": "1.2.0",
            "resolved": "https://registry.npmjs.org/string_decoder/-/string_decoder-1.2.0.tgz",
            "integrity": "sha512-6YqyX6ZWEYguAxgZzHGL7SsCeGx3V2TtOTqZz1xSTSWnqsbWwbptafNyvf/ACquZUXV3DANr5BDIwNYe1mN42w==",
            "requires": {
                "safe-buffer": "~5.1.0"
            }
        },
        "superagent": {
            "version": "3.8.3",
            "resolved": "https://registry.npmjs.org/superagent/-/superagent-3.8.3.tgz",
            "integrity": "sha512-GLQtLMCoEIK4eDv6OGtkOoSMt3D+oq0y3dsxMuYuDvaNUvuT8eFBuLmfR0iYYzHC1e8hpzC6ZsxbuP6DIalMFA==",
            "requires": {
                "component-emitter": "^1.2.0",
                "cookiejar": "^2.1.0",
                "debug": "^3.1.0",
                "extend": "^3.0.0",
                "form-data": "^2.3.1",
                "formidable": "^1.2.0",
                "methods": "^1.1.1",
                "mime": "^1.4.1",
                "qs": "^6.5.1",
                "readable-stream": "^2.3.5"
            },
            "dependencies": {
                "debug": {
                    "version": "3.2.6",
                    "resolved": "https://registry.npmjs.org/debug/-/debug-3.2.6.tgz",
                    "integrity": "sha512-mel+jf7nrtEl5Pn1Qx46zARXKDpBbvzezse7p7LqINmdoIk8PYP5SySaxEmYv6TZ0JyEKA1hsCId6DIhgITtWQ==",
                    "requires": {
                        "ms": "^2.1.1"
                    }
                },
                "readable-stream": {
                    "version": "2.3.6",
                    "resolved": "https://registry.npmjs.org/readable-stream/-/readable-stream-2.3.6.tgz",
                    "integrity": "sha512-tQtKA9WIAhBF3+VLAseyMqZeBjW0AHJoxOtYqSUZNJxauErmLbVm2FW1y+J/YA9dUrAC39ITejlZWhVIwawkKw==",
                    "requires": {
                        "core-util-is": "~1.0.0",
                        "inherits": "~2.0.3",
                        "isarray": "~1.0.0",
                        "process-nextick-args": "~2.0.0",
                        "safe-buffer": "~5.1.1",
                        "string_decoder": "~1.1.1",
                        "util-deprecate": "~1.0.1"
                    }
                },
                "string_decoder": {
                    "version": "1.1.1",
                    "resolved": "https://registry.npmjs.org/string_decoder/-/string_decoder-1.1.1.tgz",
                    "integrity": "sha512-n/ShnvDi6FHbbVfviro+WojiFzv+s8MPMHBczVePfUpDJLwoLT0ht1l4YwBCbi8pJAveEEdnkHyPyTP/mzRfwg==",
                    "requires": {
                        "safe-buffer": "~5.1.0"
                    }
                }
            }
        },
        "superagent-load-balancer": {
            "version": "2.0.3",
            "resolved": "https://registry.npmjs.org/superagent-load-balancer/-/superagent-load-balancer-2.0.3.tgz",
            "integrity": "sha1-7AflmTnjTW1q4Ig0se/alx0c6OI=",
            "requires": {
                "crc": "^3.4.4"
            }
        },
        "tiny-lru": {
            "version": "6.0.1",
            "resolved": "https://registry.npmjs.org/tiny-lru/-/tiny-lru-6.0.1.tgz",
            "integrity": "sha512-k/vdHz+bFALjmik0URLWBYNuO0hCABTL5dullbZBXvFDdlL8RrKaeLR6YuHfX+6ZXOLkHw+HpNLCUA7DtLMQmg=="
        },
        "uri-js": {
            "version": "4.2.2",
            "resolved": "https://registry.npmjs.org/uri-js/-/uri-js-4.2.2.tgz",
            "integrity": "sha512-KY9Frmirql91X2Qgjry0Wd4Y+YTdrdZheS8TFwvkbLWf/G5KNJDCh6pKL5OZctEW4+0Baa5idK2ZQuELRwPznQ==",
            "requires": {
                "punycode": "^2.1.0"
            }
        },
        "util-deprecate": {
            "version": "1.0.2",
            "resolved": "https://registry.npmjs.org/util-deprecate/-/util-deprecate-1.0.2.tgz",
            "integrity": "sha1-RQ1Nyfpw3nMnYvvS1KKJgUGaDM8="
        }
    }
}
